
Microsoft Visual Studio Solution File, Format Version 12.00
# Visual Studio Version 16
VisualStudioVersion = 16.0.31410.357
MinimumVisualStudioVersion = 10.0.40219.1
Project("{FAE04EC0-301F-11D3-BF4B-00C04F79EFBC}") = "Practise1Cshartbp", "Practise1Cshartbp.csproj", "{5219D382-E579-4CA0-8BEE-B501FCD031B0}"
EndProject
Global
	GlobalSection(SolutionConfigurationPlatforms) = preSolution
		Debug|Any CPU = Debug|Any CPU
		Release|Any CPU = Release|Any CPU
	EndGlobalSection
	GlobalSection(ProjectConfigurationPlatforms) = postSolution
		{5219D382-E579-4CA0-8BEE-B501FCD031B0}.Debug|Any CPU.ActiveCfg = Debug|Any CPU
		{5219D382-E579-4CA0-8BEE-B501FCD031B0}.Debug|Any CPU.Build.0 = Debug|Any CPU
		{5219D382-E579-4CA0-8BEE-B501FCD031B0}.Release|Any CPU.ActiveCfg = Release|Any CPU
		{5219D382-E579-4CA0-8BEE-B501FCD031B0}.Release|Any CPU.Build.0 = Release|Any CPU
	EndGlobalSection
	GlobalSection(SolutionProperties) = preSolution
		HideSolutionNode = FALSE
	EndGlobalSection
	GlobalSection(ExtensibilityGlobals) = postSolution
		SolutionGuid = {807231BF-A177-46EF-8865-E7BB5B293831}
	EndGlobalSection
EndGlobal
